
Microsoft Visual Studio Solution File, Format Version 12.00
# Visual Studio Version 17
VisualStudioVersion = 17.3.32901.215
MinimumVisualStudioVersion = 10.0.40219.1
Project("{9A19103F-16F7-4668-BE54-9A1E7A4F7556}") = "CosmeticShop.WebApp", "CosmeticShop\CosmeticShop.WebApp.csproj", "{65703F8B-021B-4704-AC74-8722914E5C32}"
EndProject
Project("{9A19103F-16F7-4668-BE54-9A1E7A4F7556}") = "CosmeticShop.Model", "CosmeticShop.Model\CosmeticShop.Model.csproj", "{FCBF121A-A32E-4BB5-9CD2-420B682E8EB9}"
EndProject
Project("{9A19103F-16F7-4668-BE54-9A1E7A4F7556}") = "CosmeticShop.Data", "CosmeticShop.Data\CosmeticShop.Data.csproj", "{E85B625B-F6E4-43BB-9D2D-CD0D155ADDE4}"
EndProject
Project("{FAE04EC0-301F-11D3-BF4B-00C04F79EFBC}") = "CosmeticShop.Controllers", "CosmeticShop.Controllers\CosmeticShop.Controllers.csproj", "{3BDE0DCE-4A94-4E5F-899F-693A5E74AF0B}"
EndProject
Global
	GlobalSection(SolutionConfigurationPlatforms) = preSolution
		Debug|Any CPU = Debug|Any CPU
		Release|Any CPU = Release|Any CPU
	EndGlobalSection
	GlobalSection(ProjectConfigurationPlatforms) = postSolution
		{65703F8B-021B-4704-AC74-8722914E5C32}.Debug|Any CPU.ActiveCfg = Debug|Any CPU
		{65703F8B-021B-4704-AC74-8722914E5C32}.Debug|Any CPU.Build.0 = Debug|Any CPU
		{65703F8B-021B-4704-AC74-8722914E5C32}.Release|Any CPU.ActiveCfg = Release|Any CPU
		{65703F8B-021B-4704-AC74-8722914E5C32}.Release|Any CPU.Build.0 = Release|Any CPU
		{FCBF121A-A32E-4BB5-9CD2-420B682E8EB9}.Debug|Any CPU.ActiveCfg = Debug|Any CPU
		{FCBF121A-A32E-4BB5-9CD2-420B682E8EB9}.Debug|Any CPU.Build.0 = Debug|Any CPU
		{FCBF121A-A32E-4BB5-9CD2-420B682E8EB9}.Release|Any CPU.ActiveCfg = Release|Any CPU
		{FCBF121A-A32E-4BB5-9CD2-420B682E8EB9}.Release|Any CPU.Build.0 = Release|Any CPU
		{E85B625B-F6E4-43BB-9D2D-CD0D155ADDE4}.Debug|Any CPU.ActiveCfg = Debug|Any CPU
		{E85B625B-F6E4-43BB-9D2D-CD0D155ADDE4}.Debug|Any CPU.Build.0 = Debug|Any CPU
		{E85B625B-F6E4-43BB-9D2D-CD0D155ADDE4}.Release|Any CPU.ActiveCfg = Release|Any CPU
		{E85B625B-F6E4-43BB-9D2D-CD0D155ADDE4}.Release|Any CPU.Build.0 = Release|Any CPU
		{3BDE0DCE-4A94-4E5F-899F-693A5E74AF0B}.Debug|Any CPU.ActiveCfg = Debug|Any CPU
		{3BDE0DCE-4A94-4E5F-899F-693A5E74AF0B}.Debug|Any CPU.Build.0 = Debug|Any CPU
		{3BDE0DCE-4A94-4E5F-899F-693A5E74AF0B}.Release|Any CPU.ActiveCfg = Release|Any CPU
		{3BDE0DCE-4A94-4E5F-899F-693A5E74AF0B}.Release|Any CPU.Build.0 = Release|Any CPU
	EndGlobalSection
	GlobalSection(SolutionProperties) = preSolution
		HideSolutionNode = FALSE
	EndGlobalSection
	GlobalSection(ExtensibilityGlobals) = postSolution
		SolutionGuid = {92AE3B39-B69B-4798-BFDD-E916C5A95F3E}
	EndGlobalSection
EndGlobal
